
Microsoft Visual Studio Solution File, Format Version 12.00
# Visual Studio 15
VisualStudioVersion = 15.0.26730.16
MinimumVisualStudioVersion = 10.0.40219.1
Project("{9092AA53-FB77-4645-B42D-1CCCA6BD08BD}") = "BoilerControl", "BoilerControl.njsproj", "{56D4F020-BF69-4356-9AD9-77C6B16DB669}"
EndProject
Global
	GlobalSection(SolutionConfigurationPlatforms) = preSolution
		Debug|Any CPU = Debug|Any CPU
		Release|Any CPU = Release|Any CPU
	EndGlobalSection
	GlobalSection(ProjectConfigurationPlatforms) = postSolution
		{56D4F020-BF69-4356-9AD9-77C6B16DB669}.Debug|Any CPU.ActiveCfg = Debug|Any CPU
		{56D4F020-BF69-4356-9AD9-77C6B16DB669}.Debug|Any CPU.Build.0 = Debug|Any CPU
		{56D4F020-BF69-4356-9AD9-77C6B16DB669}.Release|Any CPU.ActiveCfg = Release|Any CPU
		{56D4F020-BF69-4356-9AD9-77C6B16DB669}.Release|Any CPU.Build.0 = Release|Any CPU
	EndGlobalSection
	GlobalSection(SolutionProperties) = preSolution
		HideSolutionNode = FALSE
	EndGlobalSection
	GlobalSection(ExtensibilityGlobals) = postSolution
		SolutionGuid = {4EC0807F-B601-4460-90D2-937998C20E05}
	EndGlobalSection
EndGlobal
